// !$*UTF8*$!
{
	archiveVersion = 1;
	classes = {
	};
	objectVersion = 46;
	objects = {

/* Begin PBXBuildFile section */
		22D77B9A1B8794EF00224455 /* MercadoCell.swift in Sources */ = {isa = PBXBuildFile; fileRef = 22D77B991B8794EF00224455 /* MercadoCell.swift */; };
		22D77B9C1B87975200224455 /* ViewControllerMercado.swift in Sources */ = {isa = PBXBuildFile; fileRef = 22D77B9B1B87975200224455 /* ViewControllerMercado.swift */; };
		22D77B9E1B87A69000224455 /* MercadoCompraCell.swift in Sources */ = {isa = PBXBuildFile; fileRef = 22D77B9D1B87A69000224455 /* MercadoCompraCell.swift */; };
		22D77BA01B87A75400224455 /* ViewControllerMercadoCompra.swift in Sources */ = {isa = PBXBuildFile; fileRef = 22D77B9F1B87A75400224455 /* ViewControllerMercadoCompra.swift */; };
		22EE02491B8645DD00AF5FD5 /* AppDelegate.swift in Sources */ = {isa = PBXBuildFile; fileRef = 22EE02481B8645DD00AF5FD5 /* AppDelegate.swift */; };
		22EE024B1B8645DD00AF5FD5 /* ViewController.swift in Sources */ = {isa = PBXBuildFile; fileRef = 22EE024A1B8645DD00AF5FD5 /* ViewController.swift */; };
		22EE024E1B8645DD00AF5FD5 /* Main.storyboard in Resources */ = {isa = PBXBuildFile; fileRef = 22EE024C1B8645DD00AF5FD5 /* Main.storyboard */; };
		22EE02501B8645DD00AF5FD5 /* Images.xcassets in Resources */ = {isa = PBXBuildFile; fileRef = 22EE024F1B8645DD00AF5FD5 /* Images.xcassets */; };
		22EE02531B8645DD00AF5FD5 /* LaunchScreen.xib in Resources */ = {isa = PBXBuildFile; fileRef = 22EE02511B8645DD00AF5FD5 /* LaunchScreen.xib */; };
		22EE025F1B8645DD00AF5FD5 /* MagnataTests.swift in Sources */ = {isa = PBXBuildFile; fileRef = 22EE025E1B8645DD00AF5FD5 /* MagnataTests.swift */; };
		A784CACB1B86976C0059C18A /* SwiftyJSON.swift in Sources */ = {isa = PBXBuildFile; fileRef = A784CAC91B86976C0059C18A /* SwiftyJSON.swift */; };
		A784CACC1B86976C0059C18A /* MercadoAcoes.json in Resources */ = {isa = PBXBuildFile; fileRef = A784CACA1B86976C0059C18A /* MercadoAcoes.json */; };
		A784CACE1B8698170059C18A /* Carteira.json in Resources */ = {isa = PBXBuildFile; fileRef = A784CACD1B8698170059C18A /* Carteira.json */; };
		A784CAD01B8698C40059C18A /* CarteiraVenda.json in Resources */ = {isa = PBXBuildFile; fileRef = A784CACF1B8698C40059C18A /* CarteiraVenda.json */; };
		A784CAD21B86994E0059C18A /* MercadoCompraAcoes.json in Resources */ = {isa = PBXBuildFile; fileRef = A784CAD11B86994E0059C18A /* MercadoCompraAcoes.json */; };
		A784CAD41B869D400059C18A /* CarteiraCell.swift in Sources */ = {isa = PBXBuildFile; fileRef = A784CAD31B869D400059C18A /* CarteiraCell.swift */; };
		A784CAD61B86A1D30059C18A /* ViewControllerCarteira.swift in Sources */ = {isa = PBXBuildFile; fileRef = A784CAD51B86A1D30059C18A /* ViewControllerCarteira.swift */; };
		A784CADA1B87A05B0059C18A /* CarteiraVendaCell.swift in Sources */ = {isa = PBXBuildFile; fileRef = A784CAD91B87A05B0059C18A /* CarteiraVendaCell.swift */; };
		FF3B4EF21B8BFDF700ABFB0C /* ViewControllerResultados.swift in Sources */ = {isa = PBXBuildFile; fileRef = FF3B4EF11B8BFDF700ABFB0C /* ViewControllerResultados.swift */; };
		FF3B4EF41B8BFEC500ABFB0C /* ResultadosCell.swift in Sources */ = {isa = PBXBuildFile; fileRef = FF3B4EF31B8BFEC500ABFB0C /* ResultadosCell.swift */; };
		FF3B4EF61B8C118600ABFB0C /* ReadJson.swift in Sources */ = {isa = PBXBuildFile; fileRef = FF3B4EF51B8C118600ABFB0C /* ReadJson.swift */; };
		FF3B4EF81B8C11B500ABFB0C /* Resultados.txt in Resources */ = {isa = PBXBuildFile; fileRef = FF3B4EF71B8C11B500ABFB0C /* Resultados.txt */; };
		FF3B4EFA1B8C166E00ABFB0C /* Resultado.swift in Sources */ = {isa = PBXBuildFile; fileRef = FF3B4EF91B8C166E00ABFB0C /* Resultado.swift */; };
/* End PBXBuildFile section */

/* Begin PBXContainerItemProxy section */
		22EE02591B8645DD00AF5FD5 /* PBXContainerItemProxy */ = {
			isa = PBXContainerItemProxy;
			containerPortal = 22EE023B1B8645DD00AF5FD5 /* Project object */;
			proxyType = 1;
			remoteGlobalIDString = 22EE02421B8645DD00AF5FD5;
			remoteInfo = Magnata;
		};
/* End PBXContainerItemProxy section */

/* Begin PBXFileReference section */
		22D77B991B8794EF00224455 /* MercadoCell.swift */ = {isa = PBXFileReference; fileEncoding = 4; lastKnownFileType = sourcecode.swift; path = MercadoCell.swift; sourceTree = "<group>"; };
		22D77B9B1B87975200224455 /* ViewControllerMercado.swift */ = {isa = PBXFileReference; fileEncoding = 4; lastKnownFileType = sourcecode.swift; path = ViewControllerMercado.swift; sourceTree = "<group>"; };
		22D77B9D1B87A69000224455 /* MercadoCompraCell.swift */ = {isa = PBXFileReference; fileEncoding = 4; lastKnownFileType = sourcecode.swift; path = MercadoCompraCell.swift; sourceTree = "<group>"; };
		22D77B9F1B87A75400224455 /* ViewControllerMercadoCompra.swift */ = {isa = PBXFileReference; fileEncoding = 4; lastKnownFileType = sourcecode.swift; path = ViewControllerMercadoCompra.swift; sourceTree = "<group>"; };
		22EE02431B8645DD00AF5FD5 /* Magnata.app */ = {isa = PBXFileReference; explicitFileType = wrapper.application; includeInIndex = 0; path = Magnata.app; sourceTree = BUILT_PRODUCTS_DIR; };
		22EE02471B8645DD00AF5FD5 /* Info.plist */ = {isa = PBXFileReference; lastKnownFileType = text.plist.xml; path = Info.plist; sourceTree = "<group>"; };
		22EE02481B8645DD00AF5FD5 /* AppDelegate.swift */ = {isa = PBXFileReference; lastKnownFileType = sourcecode.swift; path = AppDelegate.swift; sourceTree = "<group>"; };
		22EE024A1B8645DD00AF5FD5 /* ViewController.swift */ = {isa = PBXFileReference; lastKnownFileType = sourcecode.swift; path = ViewController.swift; sourceTree = "<group>"; };
		22EE024D1B8645DD00AF5FD5 /* Base */ = {isa = PBXFileReference; lastKnownFileType = file.storyboard; name = Base; path = Base.lproj/Main.storyboard; sourceTree = "<group>"; };
		22EE024F1B8645DD00AF5FD5 /* Images.xcassets */ = {isa = PBXFileReference; lastKnownFileType = folder.assetcatalog; path = Images.xcassets; sourceTree = "<group>"; };
		22EE02521B8645DD00AF5FD5 /* Base */ = {isa = PBXFileReference; lastKnownFileType = file.xib; name = Base; path = Base.lproj/LaunchScreen.xib; sourceTree = "<group>"; };
		22EE02581B8645DD00AF5FD5 /* MagnataTests.xctest */ = {isa = PBXFileReference; explicitFileType = wrapper.cfbundle; includeInIndex = 0; path = MagnataTests.xctest; sourceTree = BUILT_PRODUCTS_DIR; };
		22EE025D1B8645DD00AF5FD5 /* Info.plist */ = {isa = PBXFileReference; lastKnownFileType = text.plist.xml; path = Info.plist; sourceTree = "<group>"; };
		22EE025E1B8645DD00AF5FD5 /* MagnataTests.swift */ = {isa = PBXFileReference; lastKnownFileType = sourcecode.swift; path = MagnataTests.swift; sourceTree = "<group>"; };
		A784CAC91B86976C0059C18A /* SwiftyJSON.swift */ = {isa = PBXFileReference; fileEncoding = 4; lastKnownFileType = sourcecode.swift; path = SwiftyJSON.swift; sourceTree = "<group>"; };
		A784CACA1B86976C0059C18A /* MercadoAcoes.json */ = {isa = PBXFileReference; fileEncoding = 4; lastKnownFileType = text.json; path = MercadoAcoes.json; sourceTree = "<group>"; };
		A784CACD1B8698170059C18A /* Carteira.json */ = {isa = PBXFileReference; fileEncoding = 4; lastKnownFileType = text.json; path = Carteira.json; sourceTree = "<group>"; };
		A784CACF1B8698C40059C18A /* CarteiraVenda.json */ = {isa = PBXFileReference; fileEncoding = 4; lastKnownFileType = text.json; path = CarteiraVenda.json; sourceTree = "<group>"; };
		A784CAD11B86994E0059C18A /* MercadoCompraAcoes.json */ = {isa = PBXFileReference; fileEncoding = 4; lastKnownFileType = text.json; path = MercadoCompraAcoes.json; sourceTree = "<group>"; };
		A784CAD31B869D400059C18A /* CarteiraCell.swift */ = {isa = PBXFileReference; fileEncoding = 4; lastKnownFileType = sourcecode.swift; path = CarteiraCell.swift; sourceTree = "<group>"; };
		A784CAD51B86A1D30059C18A /* ViewControllerCarteira.swift */ = {isa = PBXFileReference; fileEncoding = 4; lastKnownFileType = sourcecode.swift; path = ViewControllerCarteira.swift; sourceTree = "<group>"; };
		A784CAD91B87A05B0059C18A /* CarteiraVendaCell.swift */ = {isa = PBXFileReference; fileEncoding = 4; lastKnownFileType = sourcecode.swift; path = CarteiraVendaCell.swift; sourceTree = "<group>"; };
		FF3B4EF11B8BFDF700ABFB0C /* ViewControllerResultados.swift */ = {isa = PBXFileReference; fileEncoding = 4; lastKnownFileType = sourcecode.swift; path = ViewControllerResultados.swift; sourceTree = "<group>"; };
		FF3B4EF31B8BFEC500ABFB0C /* ResultadosCell.swift */ = {isa = PBXFileReference; fileEncoding = 4; lastKnownFileType = sourcecode.swift; path = ResultadosCell.swift; sourceTree = "<group>"; };
		FF3B4EF51B8C118600ABFB0C /* ReadJson.swift */ = {isa = PBXFileReference; fileEncoding = 4; lastKnownFileType = sourcecode.swift; path = ReadJson.swift; sourceTree = "<group>"; };
		FF3B4EF71B8C11B500ABFB0C /* Resultados.txt */ = {isa = PBXFileReference; fileEncoding = 4; lastKnownFileType = text; path = Resultados.txt; sourceTree = "<group>"; };
		FF3B4EF91B8C166E00ABFB0C /* Resultado.swift */ = {isa = PBXFileReference; fileEncoding = 4; lastKnownFileType = sourcecode.swift; path = Resultado.swift; sourceTree = "<group>"; };
/* End PBXFileReference section */

/* Begin PBXFrameworksBuildPhase section */
		22EE02401B8645DD00AF5FD5 /* Frameworks */ = {
			isa = PBXFrameworksBuildPhase;
			buildActionMask = 2147483647;
			files = (
			);
			runOnlyForDeploymentPostprocessing = 0;
		};
		22EE02551B8645DD00AF5FD5 /* Frameworks */ = {
			isa = PBXFrameworksBuildPhase;
			buildActionMask = 2147483647;
			files = (
			);
			runOnlyForDeploymentPostprocessing = 0;
		};
/* End PBXFrameworksBuildPhase section */

/* Begin PBXGroup section */
		22EE023A1B8645DD00AF5FD5 = {
			isa = PBXGroup;
			children = (
				22EE02451B8645DD00AF5FD5 /* Magnata */,
				22EE025B1B8645DD00AF5FD5 /* MagnataTests */,
				22EE02441B8645DD00AF5FD5 /* Products */,
			);
			sourceTree = "<group>";
		};
		22EE02441B8645DD00AF5FD5 /* Products */ = {
			isa = PBXGroup;
			children = (
				22EE02431B8645DD00AF5FD5 /* Magnata.app */,
				22EE02581B8645DD00AF5FD5 /* MagnataTests.xctest */,
			);
			name = Products;
			sourceTree = "<group>";
		};
		22EE02451B8645DD00AF5FD5 /* Magnata */ = {
			isa = PBXGroup;
			children = (
				FF3B4EF01B8BFD7A00ABFB0C /* Model */,
				FF3B4EEF1B8BFD7300ABFB0C /* View */,
				FF3B4EEE1B8BFD6C00ABFB0C /* Controller */,
				22EE02481B8645DD00AF5FD5 /* AppDelegate.swift */,
				22EE024F1B8645DD00AF5FD5 /* Images.xcassets */,
				22EE02461B8645DD00AF5FD5 /* Supporting Files */,
			);
			path = Magnata;
			sourceTree = "<group>";
		};
		22EE02461B8645DD00AF5FD5 /* Supporting Files */ = {
			isa = PBXGroup;
			children = (
				22EE02471B8645DD00AF5FD5 /* Info.plist */,
			);
			name = "Supporting Files";
			sourceTree = "<group>";
		};
		22EE025B1B8645DD00AF5FD5 /* MagnataTests */ = {
			isa = PBXGroup;
			children = (
				22EE025E1B8645DD00AF5FD5 /* MagnataTests.swift */,
				22EE025C1B8645DD00AF5FD5 /* Supporting Files */,
			);
			path = MagnataTests;
			sourceTree = "<group>";
		};
		22EE025C1B8645DD00AF5FD5 /* Supporting Files */ = {
			isa = PBXGroup;
			children = (
				22EE025D1B8645DD00AF5FD5 /* Info.plist */,
			);
			name = "Supporting Files";
			sourceTree = "<group>";
		};
		FF3B4EEE1B8BFD6C00ABFB0C /* Controller */ = {
			isa = PBXGroup;
			children = (
				A784CAD51B86A1D30059C18A /* ViewControllerCarteira.swift */,
				22EE024A1B8645DD00AF5FD5 /* ViewController.swift */,
				22D77B9B1B87975200224455 /* ViewControllerMercado.swift */,
				22D77B9F1B87A75400224455 /* ViewControllerMercadoCompra.swift */,
				FF3B4EF11B8BFDF700ABFB0C /* ViewControllerResultados.swift */,
			);
			name = Controller;
			sourceTree = "<group>";
		};
		FF3B4EEF1B8BFD7300ABFB0C /* View */ = {
			isa = PBXGroup;
			children = (
				A784CAD31B869D400059C18A /* CarteiraCell.swift */,
				A784CAD91B87A05B0059C18A /* CarteiraVendaCell.swift */,
				22D77B991B8794EF00224455 /* MercadoCell.swift */,
				22D77B9D1B87A69000224455 /* MercadoCompraCell.swift */,
				FF3B4EF31B8BFEC500ABFB0C /* ResultadosCell.swift */,
				22EE024C1B8645DD00AF5FD5 /* Main.storyboard */,
				22EE02511B8645DD00AF5FD5 /* LaunchScreen.xib */,
			);
			name = View;
			sourceTree = "<group>";
		};
		FF3B4EF01B8BFD7A00ABFB0C /* Model */ = {
			isa = PBXGroup;
			children = (
				A784CACF1B8698C40059C18A /* CarteiraVenda.json */,
				A784CAD11B86994E0059C18A /* MercadoCompraAcoes.json */,
				A784CACA1B86976C0059C18A /* MercadoAcoes.json */,
				A784CACD1B8698170059C18A /* Carteira.json */,
				FF3B4EF71B8C11B500ABFB0C /* Resultados.txt */,
				A784CAC91B86976C0059C18A /* SwiftyJSON.swift */,
				FF3B4EF51B8C118600ABFB0C /* ReadJson.swift */,
				FF3B4EF91B8C166E00ABFB0C /* Resultado.swift */,
			);
			name = Model;
			sourceTree = "<group>";
		};
/* End PBXGroup section */

/* Begin PBXNativeTarget section */
		22EE02421B8645DD00AF5FD5 /* Magnata */ = {
			isa = PBXNativeTarget;
			buildConfigurationList = 22EE02621B8645DD00AF5FD5 /* Build configuration list for PBXNativeTarget "Magnata" */;
			buildPhases = (
				22EE023F1B8645DD00AF5FD5 /* Sources */,
				22EE02401B8645DD00AF5FD5 /* Frameworks */,
				22EE02411B8645DD00AF5FD5 /* Resources */,
			);
			buildRules = (
			);
			dependencies = (
			);
			name = Magnata;
			productName = Magnata;
			productReference = 22EE02431B8645DD00AF5FD5 /* Magnata.app */;
			productType = "com.apple.product-type.application";
		};
		22EE02571B8645DD00AF5FD5 /* MagnataTests */ = {
			isa = PBXNativeTarget;
			buildConfigurationList = 22EE02651B8645DD00AF5FD5 /* Build configuration list for PBXNativeTarget "MagnataTests" */;
			buildPhases = (
				22EE02541B8645DD00AF5FD5 /* Sources */,
				22EE02551B8645DD00AF5FD5 /* Frameworks */,
				22EE02561B8645DD00AF5FD5 /* Resources */,
			);
			buildRules = (
			);
			dependencies = (
				22EE025A1B8645DD00AF5FD5 /* PBXTargetDependency */,
			);
			name = MagnataTests;
			productName = MagnataTests;
			productReference = 22EE02581B8645DD00AF5FD5 /* MagnataTests.xctest */;
			productType = "com.apple.product-type.bundle.unit-test";
		};
/* End PBXNativeTarget section */

/* Begin PBXProject section */
		22EE023B1B8645DD00AF5FD5 /* Project object */ = {
			isa = PBXProject;
			attributes = {
				LastUpgradeCheck = 0640;
				ORGANIZATIONNAME = "Alexandre Katao";
				TargetAttributes = {
					22EE02421B8645DD00AF5FD5 = {
						CreatedOnToolsVersion = 6.4;
					};
					22EE02571B8645DD00AF5FD5 = {
						CreatedOnToolsVersion = 6.4;
						TestTargetID = 22EE02421B8645DD00AF5FD5;
					};
				};
			};
			buildConfigurationList = 22EE023E1B8645DD00AF5FD5 /* Build configuration list for PBXProject "Magnata" */;
			compatibilityVersion = "Xcode 3.2";
			developmentRegion = English;
			hasScannedForEncodings = 0;
			knownRegions = (
				en,
				Base,
			);
			mainGroup = 22EE023A1B8645DD00AF5FD5;
			productRefGroup = 22EE02441B8645DD00AF5FD5 /* Products */;
			projectDirPath = "";
			projectRoot = "";
			targets = (
				22EE02421B8645DD00AF5FD5 /* Magnata */,
				22EE02571B8645DD00AF5FD5 /* MagnataTests */,
			);
		};
/* End PBXProject section */

/* Begin PBXResourcesBuildPhase section */
		22EE02411B8645DD00AF5FD5 /* Resources */ = {
			isa = PBXResourcesBuildPhase;
			buildActionMask = 2147483647;
			files = (
				A784CACE1B8698170059C18A /* Carteira.json in Resources */,
				FF3B4EF81B8C11B500ABFB0C /* Resultados.txt in Resources */,
				A784CAD01B8698C40059C18A /* CarteiraVenda.json in Resources */,
				22EE024E1B8645DD00AF5FD5 /* Main.storyboard in Resources */,
				22EE02531B8645DD00AF5FD5 /* LaunchScreen.xib in Resources */,
				22EE02501B8645DD00AF5FD5 /* Images.xcassets in Resources */,
				A784CAD21B86994E0059C18A /* MercadoCompraAcoes.json in Resources */,
				A784CACC1B86976C0059C18A /* MercadoAcoes.json in Resources */,
			);
			runOnlyForDeploymentPostprocessing = 0;
		};
		22EE02561B8645DD00AF5FD5 /* Resources */ = {
			isa = PBXResourcesBuildPhase;
			buildActionMask = 2147483647;
			files = (
			);
			runOnlyForDeploymentPostprocessing = 0;
		};
/* End PBXResourcesBuildPhase section */

/* Begin PBXSourcesBuildPhase section */
		22EE023F1B8645DD00AF5FD5 /* Sources */ = {
			isa = PBXSourcesBuildPhase;
			buildActionMask = 2147483647;
			files = (
				FF3B4EF21B8BFDF700ABFB0C /* ViewControllerResultados.swift in Sources */,
				FF3B4EF41B8BFEC500ABFB0C /* ResultadosCell.swift in Sources */,
				22D77BA01B87A75400224455 /* ViewControllerMercadoCompra.swift in Sources */,
				22D77B9C1B87975200224455 /* ViewControllerMercado.swift in Sources */,
				A784CAD41B869D400059C18A /* CarteiraCell.swift in Sources */,
				22D77B9E1B87A69000224455 /* MercadoCompraCell.swift in Sources */,
				A784CACB1B86976C0059C18A /* SwiftyJSON.swift in Sources */,
				A784CADA1B87A05B0059C18A /* CarteiraVendaCell.swift in Sources */,
				22EE024B1B8645DD00AF5FD5 /* ViewController.swift in Sources */,
				22D77B9A1B8794EF00224455 /* MercadoCell.swift in Sources */,
				A784CAD61B86A1D30059C18A /* ViewControllerCarteira.swift in Sources */,
				FF3B4EF61B8C118600ABFB0C /* ReadJson.swift in Sources */,
				22EE02491B8645DD00AF5FD5 /* AppDelegate.swift in Sources */,
				FF3B4EFA1B8C166E00ABFB0C /* Resultado.swift in Sources */,
			);
			runOnlyForDeploymentPostprocessing = 0;
		};
		22EE02541B8645DD00AF5FD5 /* Sources */ = {
			isa = PBXSourcesBuildPhase;
			buildActionMask = 2147483647;
			files = (
				22EE025F1B8645DD00AF5FD5 /* MagnataTests.swift in Sources */,
			);
			runOnlyForDeploymentPostprocessing = 0;
		};
/* End PBXSourcesBuildPhase section */

/* Begin PBXTargetDependency section */
		22EE025A1B8645DD00AF5FD5 /* PBXTargetDependency */ = {
			isa = PBXTargetDependency;
			target = 22EE02421B8645DD00AF5FD5 /* Magnata */;
			targetProxy = 22EE02591B8645DD00AF5FD5 /* PBXContainerItemProxy */;
		};
/* End PBXTargetDependency section */

/* Begin PBXVariantGroup section */
		22EE024C1B8645DD00AF5FD5 /* Main.storyboard */ = {
			isa = PBXVariantGroup;
			children = (
				22EE024D1B8645DD00AF5FD5 /* Base */,
			);
			name = Main.storyboard;
			sourceTree = "<group>";
		};
		22EE02511B8645DD00AF5FD5 /* LaunchScreen.xib */ = {
			isa = PBXVariantGroup;
			children = (
				22EE02521B8645DD00AF5FD5 /* Base */,
			);
			name = LaunchScreen.xib;
			sourceTree = "<group>";
		};
/* End PBXVariantGroup section */

/* Begin XCBuildConfiguration section */
		22EE02601B8645DD00AF5FD5 /* Debug */ = {
			isa = XCBuildConfiguration;
			buildSettings = {
				ALWAYS_SEARCH_USER_PATHS = NO;
				CLANG_CXX_LANGUAGE_STANDARD = "gnu++0x";
				CLANG_CXX_LIBRARY = "libc++";
				CLANG_ENABLE_MODULES = YES;
				CLANG_ENABLE_OBJC_ARC = YES;
				CLANG_WARN_BOOL_CONVERSION = YES;
				CLANG_WARN_CONSTANT_CONVERSION = YES;
				CLANG_WARN_DIRECT_OBJC_ISA_USAGE = YES_ERROR;
				CLANG_WARN_EMPTY_BODY = YES;
				CLANG_WARN_ENUM_CONVERSION = YES;
				CLANG_WARN_INT_CONVERSION = YES;
				CLANG_WARN_OBJC_ROOT_CLASS = YES_ERROR;
				CLANG_WARN_UNREACHABLE_CODE = YES;
				CLANG_WARN__DUPLICATE_METHOD_MATCH = YES;
				"CODE_SIGN_IDENTITY[sdk=iphoneos*]" = "iPhone Developer";
				COPY_PHASE_STRIP = NO;
				DEBUG_INFORMATION_FORMAT = "dwarf-with-dsym";
				ENABLE_STRICT_OBJC_MSGSEND = YES;
				GCC_C_LANGUAGE_STANDARD = gnu99;
				GCC_DYNAMIC_NO_PIC = NO;
				GCC_NO_COMMON_BLOCKS = YES;
				GCC_OPTIMIZATION_LEVEL = 0;
				GCC_PREPROCESSOR_DEFINITIONS = (
					"DEBUG=1",
					"$(inherited)",
				);
				GCC_SYMBOLS_PRIVATE_EXTERN = NO;
				GCC_WARN_64_TO_32_BIT_CONVERSION = YES;
				GCC_WARN_ABOUT_RETURN_TYPE = YES_ERROR;
				GCC_WARN_UNDECLARED_SELECTOR = YES;
				GCC_WARN_UNINITIALIZED_AUTOS = YES_AGGRESSIVE;
				GCC_WARN_UNUSED_FUNCTION = YES;
				GCC_WARN_UNUSED_VARIABLE = YES;
				IPHONEOS_DEPLOYMENT_TARGET = 8.4;
				MTL_ENABLE_DEBUG_INFO = YES;
				ONLY_ACTIVE_ARCH = YES;
				SDKROOT = iphoneos;
				SWIFT_OPTIMIZATION_LEVEL = "-Onone";
				TARGETED_DEVICE_FAMILY = "1,2";
			};
			name = Debug;
		};
		22EE02611B8645DD00AF5FD5 /* Release */ = {
			isa = XCBuildConfiguration;
			buildSettings = {
				ALWAYS_SEARCH_USER_PATHS = NO;
				CLANG_CXX_LANGUAGE_STANDARD = "gnu++0x";
				CLANG_CXX_LIBRARY = "libc++";
				CLANG_ENABLE_MODULES = YES;
				CLANG_ENABLE_OBJC_ARC = YES;
				CLANG_WARN_BOOL_CONVERSION = YES;
				CLANG_WARN_CONSTANT_CONVERSION = YES;
				CLANG_WARN_DIRECT_OBJC_ISA_USAGE = YES_ERROR;
				CLANG_WARN_EMPTY_BODY = YES;
				CLANG_WARN_ENUM_CONVERSION = YES;
				CLANG_WARN_INT_CONVERSION = YES;
				CLANG_WARN_OBJC_ROOT_CLASS = YES_ERROR;
				CLANG_WARN_UNREACHABLE_CODE = YES;
				CLANG_WARN__DUPLICATE_METHOD_MATCH = YES;
				"CODE_SIGN_IDENTITY[sdk=iphoneos*]" = "iPhone Developer";
				COPY_PHASE_STRIP = NO;
				DEBUG_INFORMATION_FORMAT = "dwarf-with-dsym";
				ENABLE_NS_ASSERTIONS = NO;
				ENABLE_STRICT_OBJC_MSGSEND = YES;
				GCC_C_LANGUAGE_STANDARD = gnu99;
				GCC_NO_COMMON_BLOCKS = YES;
				GCC_WARN_64_TO_32_BIT_CONVERSION = YES;
				GCC_WARN_ABOUT_RETURN_TYPE = YES_ERROR;
				GCC_WARN_UNDECLARED_SELECTOR = YES;
				GCC_WARN_UNINITIALIZED_AUTOS = YES_AGGRESSIVE;
				GCC_WARN_UNUSED_FUNCTION = YES;
				GCC_WARN_UNUSED_VARIABLE = YES;
				IPHONEOS_DEPLOYMENT_TARGET = 8.4;
				MTL_ENABLE_DEBUG_INFO = NO;
				SDKROOT = iphoneos;
				TARGETED_DEVICE_FAMILY = "1,2";
				VALIDATE_PRODUCT = YES;
			};
			name = Release;
		};
		22EE02631B8645DD00AF5FD5 /* Debug */ = {
			isa = XCBuildConfiguration;
			buildSettings = {
				ASSETCATALOG_COMPILER_APPICON_NAME = AppIcon;
				INFOPLIST_FILE = Magnata/Info.plist;
				LD_RUNPATH_SEARCH_PATHS = "$(inherited) @executable_path/Frameworks";
				PRODUCT_NAME = "$(TARGET_NAME)";
				TARGETED_DEVICE_FAMILY = "1,2";
			};
			name = Debug;
		};
		22EE02641B8645DD00AF5FD5 /* Release */ = {
			isa = XCBuildConfiguration;
			buildSettings = {
				ASSETCATALOG_COMPILER_APPICON_NAME = AppIcon;
				INFOPLIST_FILE = Magnata/Info.plist;
				LD_RUNPATH_SEARCH_PATHS = "$(inherited) @executable_path/Frameworks";
				PRODUCT_NAME = "$(TARGET_NAME)";
				TARGETED_DEVICE_FAMILY = "1,2";
			};
			name = Release;
		};
		22EE02661B8645DD00AF5FD5 /* Debug */ = {
			isa = XCBuildConfiguration;
			buildSettings = {
				BUNDLE_LOADER = "$(TEST_HOST)";
				FRAMEWORK_SEARCH_PATHS = (
					"$(SDKROOT)/Developer/Library/Frameworks",
					"$(inherited)",
				);
				GCC_PREPROCESSOR_DEFINITIONS = (
					"DEBUG=1",
					"$(inherited)",
				);
				INFOPLIST_FILE = MagnataTests/Info.plist;
				LD_RUNPATH_SEARCH_PATHS = "$(inherited) @executable_path/Frameworks @loader_path/Frameworks";
				PRODUCT_NAME = "$(TARGET_NAME)";
				TEST_HOST = "$(BUILT_PRODUCTS_DIR)/Magnata.app/Magnata";
			};
			name = Debug;
		};
		22EE02671B8645DD00AF5FD5 /* Release */ = {
			isa = XCBuildConfiguration;
			buildSettings = {
				BUNDLE_LOADER = "$(TEST_HOST)";
				FRAMEWORK_SEARCH_PATHS = (
					"$(SDKROOT)/Developer/Library/Frameworks",
					"$(inherited)",
				);
				INFOPLIST_FILE = MagnataTests/Info.plist;
				LD_RUNPATH_SEARCH_PATHS = "$(inherited) @executable_path/Frameworks @loader_path/Frameworks";
				PRODUCT_NAME = "$(TARGET_NAME)";
				TEST_HOST = "$(BUILT_PRODUCTS_DIR)/Magnata.app/Magnata";
			};
			name = Release;
		};
/* End XCBuildConfiguration section */

/* Begin XCConfigurationList section */
		22EE023E1B8645DD00AF5FD5 /* Build configuration list for PBXProject "Magnata" */ = {
			isa = XCConfigurationList;
			buildConfigurations = (
				22EE02601B8645DD00AF5FD5 /* Debug */,
				22EE02611B8645DD00AF5FD5 /* Release */,
			);
			defaultConfigurationIsVisible = 0;
			defaultConfigurationName = Release;
		};
		22EE02621B8645DD00AF5FD5 /* Build configuration list for PBXNativeTarget "Magnata" */ = {
			isa = XCConfigurationList;
			buildConfigurations = (
				22EE02631B8645DD00AF5FD5 /* Debug */,
				22EE02641B8645DD00AF5FD5 /* Release */,
			);
			defaultConfigurationIsVisible = 0;
			defaultConfigurationName = Release;
		};
		22EE02651B8645DD00AF5FD5 /* Build configuration list for PBXNativeTarget "MagnataTests" */ = {
			isa = XCConfigurationList;
			buildConfigurations = (
				22EE02661B8645DD00AF5FD5 /* Debug */,
				22EE02671B8645DD00AF5FD5 /* Release */,
			);
			defaultConfigurationIsVisible = 0;
			defaultConfigurationName = Release;
		};
/* End XCConfigurationList section */
	};
	rootObject = 22EE023B1B8645DD00AF5FD5 /* Project object */;
}
